Microsoft Visual Studio Solution File, Format Version 12.00
# Visual Studio Version 17
VisualStudioVersion = 17.5.2.0
MinimumVisualStudioVersion = 10.0.40219.1
Project("{FAE04EC0-301F-11D3-BF4B-00C04F79EFBC}") = "PlaywrightAutomationPoc", "PlaywrightAutomationPoc.csproj", "{59F45C69-5E67-7192-CB69-2CE20718BF82}"
EndProject
Global
	GlobalSection(SolutionConfigurationPlatforms) = preSolution
		Debug|Any CPU = Debug|Any CPU
		Release|Any CPU = Release|Any CPU
	EndGlobalSection
	GlobalSection(ProjectConfigurationPlatforms) = postSolution
		{59F45C69-5E67-7192-CB69-2CE20718BF82}.Debug|Any CPU.ActiveCfg = Debug|Any CPU
		{59F45C69-5E67-7192-CB69-2CE20718BF82}.Debug|Any CPU.Build.0 = Debug|Any CPU
		{59F45C69-5E67-7192-CB69-2CE20718BF82}.Release|Any CPU.ActiveCfg = Release|Any CPU
		{59F45C69-5E67-7192-CB69-2CE20718BF82}.Release|Any CPU.Build.0 = Release|Any CPU
	EndGlobalSection
	GlobalSection(SolutionProperties) = preSolution
		HideSolutionNode = FALSE
	EndGlobalSection
	GlobalSection(ExtensibilityGlobals) = postSolution
		SolutionGuid = {FFB0C9A3-3B09-4526-B21B-379973F90D85}
	EndGlobalSection
EndGlobal
